
Microsoft Visual Studio Solution File, Format Version 12.00
# Visual Studio Version 17
VisualStudioVersion = 17.0.31903.59
MinimumVisualStudioVersion = 10.0.40219.1
Project("{2150E333-8FDC-42A3-9474-1A3956D46DE8}") = "src", "src", "{827E0CD3-B72D-47B6-A68D-7590B98EB39B}"
EndProject
Project("{FAE04EC0-301F-11D3-BF4B-00C04F79EFBC}") = "GymLink.Api", "src\GymLink.Api\GymLink.Api.csproj", "{3F70C892-96DF-436F-9954-FAA0FAF6AEE0}"
EndProject
Project("{FAE04EC0-301F-11D3-BF4B-00C04F79EFBC}") = "GymLink.Application", "src\GymLink.Application\GymLink.Application.csproj", "{E482FF92-E83C-4FC9-8FDA-7643AA5117F1}"
EndProject
Project("{FAE04EC0-301F-11D3-BF4B-00C04F79EFBC}") = "GymLink.Contracts", "src\GymLink.Contracts\GymLink.Contracts.csproj", "{7D383AE3-6E2E-4113-84DF-C04764A16BBB}"
EndProject
Project("{FAE04EC0-301F-11D3-BF4B-00C04F79EFBC}") = "GymLink.Domain", "src\GymLink.Domain\GymLink.Domain.csproj", "{F242CE73-7BFE-4FA2-A2BD-857C84A18A4E}"
EndProject
Project("{FAE04EC0-301F-11D3-BF4B-00C04F79EFBC}") = "GymLink.Infrastructure", "src\GymLink.Infrastructure\GymLink.Infrastructure.csproj", "{9AE8FC2E-7C3B-4C95-923C-44A8C603CBC7}"
EndProject
Project("{2150E333-8FDC-42A3-9474-1A3956D46DE8}") = "tests", "tests", "{0AB3BF05-4346-4AA6-1389-037BE0695223}"
EndProject
Project("{FAE04EC0-301F-11D3-BF4B-00C04F79EFBC}") = "GymLink.Application.Tests", "tests\GymLink.Application.Tests\GymLink.Application.Tests.csproj", "{7C46C75A-9D71-47BF-A5E8-611A5F6751FF}"
EndProject
Project("{FAE04EC0-301F-11D3-BF4B-00C04F79EFBC}") = "GymLink.Domain.Tests", "tests\GymLink.Domain.Tests\GymLink.Domain.Tests.csproj", "{4F8599BF-E39C-4EF9-9123-5EC6D59CDA0B}"
EndProject
Project("{FAE04EC0-301F-11D3-BF4B-00C04F79EFBC}") = "GymLink.Worker", "src\GymLink.Worker\GymLink.Worker.csproj", "{1C44B79D-E4C7-48E7-A56C-BE3FD1BCE7D6}"
EndProject
Project("{FAE04EC0-301F-11D3-BF4B-00C04F79EFBC}") = "GymLink.IntegrationTests", "tests\GymLink.IntegrationTests\GymLink.IntegrationTests.csproj", "{18D01346-2C11-4C35-8DD7-01A4953A4EEA}"
EndProject
Global
	GlobalSection(SolutionConfigurationPlatforms) = preSolution
		Debug|Any CPU = Debug|Any CPU
		Debug|x64 = Debug|x64
		Debug|x86 = Debug|x86
		Release|Any CPU = Release|Any CPU
		Release|x64 = Release|x64
		Release|x86 = Release|x86
	EndGlobalSection
	GlobalSection(ProjectConfigurationPlatforms) = postSolution
		{3F70C892-96DF-436F-9954-FAA0FAF6AEE0}.Debug|Any CPU.ActiveCfg = Debug|Any CPU
		{3F70C892-96DF-436F-9954-FAA0FAF6AEE0}.Debug|Any CPU.Build.0 = Debug|Any CPU
		{3F70C892-96DF-436F-9954-FAA0FAF6AEE0}.Debug|x64.ActiveCfg = Debug|Any CPU
		{3F70C892-96DF-436F-9954-FAA0FAF6AEE0}.Debug|x64.Build.0 = Debug|Any CPU
		{3F70C892-96DF-436F-9954-FAA0FAF6AEE0}.Debug|x86.ActiveCfg = Debug|Any CPU
		{3F70C892-96DF-436F-9954-FAA0FAF6AEE0}.Debug|x86.Build.0 = Debug|Any CPU
		{3F70C892-96DF-436F-9954-FAA0FAF6AEE0}.Release|Any CPU.ActiveCfg = Release|Any CPU
		{3F70C892-96DF-436F-9954-FAA0FAF6AEE0}.Release|Any CPU.Build.0 = Release|Any CPU
		{3F70C892-96DF-436F-9954-FAA0FAF6AEE0}.Release|x64.ActiveCfg = Release|Any CPU
		{3F70C892-96DF-436F-9954-FAA0FAF6AEE0}.Release|x64.Build.0 = Release|Any CPU
		{3F70C892-96DF-436F-9954-FAA0FAF6AEE0}.Release|x86.ActiveCfg = Release|Any CPU
		{3F70C892-96DF-436F-9954-FAA0FAF6AEE0}.Release|x86.Build.0 = Release|Any CPU
		{E482FF92-E83C-4FC9-8FDA-7643AA5117F1}.Debug|Any CPU.ActiveCfg = Debug|Any CPU
		{E482FF92-E83C-4FC9-8FDA-7643AA5117F1}.Debug|Any CPU.Build.0 = Debug|Any CPU
		{E482FF92-E83C-4FC9-8FDA-7643AA5117F1}.Debug|x64.ActiveCfg = Debug|Any CPU
		{E482FF92-E83C-4FC9-8FDA-7643AA5117F1}.Debug|x64.Build.0 = Debug|Any CPU
		{E482FF92-E83C-4FC9-8FDA-7643AA5117F1}.Debug|x86.ActiveCfg = Debug|Any CPU
		{E482FF92-E83C-4FC9-8FDA-7643AA5117F1}.Debug|x86.Build.0 = Debug|Any CPU
		{E482FF92-E83C-4FC9-8FDA-7643AA5117F1}.Release|Any CPU.ActiveCfg = Release|Any CPU
		{E482FF92-E83C-4FC9-8FDA-7643AA5117F1}.Release|Any CPU.Build.0 = Release|Any CPU
		{E482FF92-E83C-4FC9-8FDA-7643AA5117F1}.Release|x64.ActiveCfg = Release|Any CPU
		{E482FF92-E83C-4FC9-8FDA-7643AA5117F1}.Release|x64.Build.0 = Release|Any CPU
		{E482FF92-E83C-4FC9-8FDA-7643AA5117F1}.Release|x86.ActiveCfg = Release|Any CPU
		{E482FF92-E83C-4FC9-8FDA-7643AA5117F1}.Release|x86.Build.0 = Release|Any CPU
		{7D383AE3-6E2E-4113-84DF-C04764A16BBB}.Debug|Any CPU.ActiveCfg = Debug|Any CPU
		{7D383AE3-6E2E-4113-84DF-C04764A16BBB}.Debug|Any CPU.Build.0 = Debug|Any CPU
		{7D383AE3-6E2E-4113-84DF-C04764A16BBB}.Debug|x64.ActiveCfg = Debug|Any CPU
		{7D383AE3-6E2E-4113-84DF-C04764A16BBB}.Debug|x64.Build.0 = Debug|Any CPU
		{7D383AE3-6E2E-4113-84DF-C04764A16BBB}.Debug|x86.ActiveCfg = Debug|Any CPU
		{7D383AE3-6E2E-4113-84DF-C04764A16BBB}.Debug|x86.Build.0 = Debug|Any CPU
		{7D383AE3-6E2E-4113-84DF-C04764A16BBB}.Release|Any CPU.ActiveCfg = Release|Any CPU
		{7D383AE3-6E2E-4113-84DF-C04764A16BBB}.Release|Any CPU.Build.0 = Release|Any CPU
		{7D383AE3-6E2E-4113-84DF-C04764A16BBB}.Release|x64.ActiveCfg = Release|Any CPU
		{7D383AE3-6E2E-4113-84DF-C04764A16BBB}.Release|x64.Build.0 = Release|Any CPU
		{7D383AE3-6E2E-4113-84DF-C04764A16BBB}.Release|x86.ActiveCfg = Release|Any CPU
		{7D383AE3-6E2E-4113-84DF-C04764A16BBB}.Release|x86.Build.0 = Release|Any CPU
		{F242CE73-7BFE-4FA2-A2BD-857C84A18A4E}.Debug|Any CPU.ActiveCfg = Debug|Any CPU
		{F242CE73-7BFE-4FA2-A2BD-857C84A18A4E}.Debug|Any CPU.Build.0 = Debug|Any CPU
		{F242CE73-7BFE-4FA2-A2BD-857C84A18A4E}.Debug|x64.ActiveCfg = Debug|Any CPU
		{F242CE73-7BFE-4FA2-A2BD-857C84A18A4E}.Debug|x64.Build.0 = Debug|Any CPU
		{F242CE73-7BFE-4FA2-A2BD-857C84A18A4E}.Debug|x86.ActiveCfg = Debug|Any CPU
		{F242CE73-7BFE-4FA2-A2BD-857C84A18A4E}.Debug|x86.Build.0 = Debug|Any CPU
		{F242CE73-7BFE-4FA2-A2BD-857C84A18A4E}.Release|Any CPU.ActiveCfg = Release|Any CPU
		{F242CE73-7BFE-4FA2-A2BD-857C84A18A4E}.Release|Any CPU.Build.0 = Release|Any CPU
		{F242CE73-7BFE-4FA2-A2BD-857C84A18A4E}.Release|x64.ActiveCfg = Release|Any CPU
		{F242CE73-7BFE-4FA2-A2BD-857C84A18A4E}.Release|x64.Build.0 = Release|Any CPU
		{F242CE73-7BFE-4FA2-A2BD-857C84A18A4E}.Release|x86.ActiveCfg = Release|Any CPU
		{F242CE73-7BFE-4FA2-A2BD-857C84A18A4E}.Release|x86.Build.0 = Release|Any CPU
		{9AE8FC2E-7C3B-4C95-923C-44A8C603CBC7}.Debug|Any CPU.ActiveCfg = Debug|Any CPU
		{9AE8FC2E-7C3B-4C95-923C-44A8C603CBC7}.Debug|Any CPU.Build.0 = Debug|Any CPU
		{9AE8FC2E-7C3B-4C95-923C-44A8C603CBC7}.Debug|x64.ActiveCfg = Debug|Any CPU
		{9AE8FC2E-7C3B-4C95-923C-44A8C603CBC7}.Debug|x64.Build.0 = Debug|Any CPU
		{9AE8FC2E-7C3B-4C95-923C-44A8C603CBC7}.Debug|x86.ActiveCfg = Debug|Any CPU
		{9AE8FC2E-7C3B-4C95-923C-44A8C603CBC7}.Debug|x86.Build.0 = Debug|Any CPU
		{9AE8FC2E-7C3B-4C95-923C-44A8C603CBC7}.Release|Any CPU.ActiveCfg = Release|Any CPU
		{9AE8FC2E-7C3B-4C95-923C-44A8C603CBC7}.Release|Any CPU.Build.0 = Release|Any CPU
		{9AE8FC2E-7C3B-4C95-923C-44A8C603CBC7}.Release|x64.ActiveCfg = Release|Any CPU
		{9AE8FC2E-7C3B-4C95-923C-44A8C603CBC7}.Release|x64.Build.0 = Release|Any CPU
		{9AE8FC2E-7C3B-4C95-923C-44A8C603CBC7}.Release|x86.ActiveCfg = Release|Any CPU
		{9AE8FC2E-7C3B-4C95-923C-44A8C603CBC7}.Release|x86.Build.0 = Release|Any CPU
		{7C46C75A-9D71-47BF-A5E8-611A5F6751FF}.Debug|Any CPU.ActiveCfg = Debug|Any CPU
		{7C46C75A-9D71-47BF-A5E8-611A5F6751FF}.Debug|Any CPU.Build.0 = Debug|Any CPU
		{7C46C75A-9D71-47BF-A5E8-611A5F6751FF}.Debug|x64.ActiveCfg = Debug|Any CPU
		{7C46C75A-9D71-47BF-A5E8-611A5F6751FF}.Debug|x64.Build.0 = Debug|Any CPU
		{7C46C75A-9D71-47BF-A5E8-611A5F6751FF}.Debug|x86.ActiveCfg = Debug|Any CPU
		{7C46C75A-9D71-47BF-A5E8-611A5F6751FF}.Debug|x86.Build.0 = Debug|Any CPU
		{7C46C75A-9D71-47BF-A5E8-611A5F6751FF}.Release|Any CPU.ActiveCfg = Release|Any CPU
		{7C46C75A-9D71-47BF-A5E8-611A5F6751FF}.Release|Any CPU.Build.0 = Release|Any CPU
		{7C46C75A-9D71-47BF-A5E8-611A5F6751FF}.Release|x64.ActiveCfg = Release|Any CPU
		{7C46C75A-9D71-47BF-A5E8-611A5F6751FF}.Release|x64.Build.0 = Release|Any CPU
		{7C46C75A-9D71-47BF-A5E8-611A5F6751FF}.Release|x86.ActiveCfg = Release|Any CPU
		{7C46C75A-9D71-47BF-A5E8-611A5F6751FF}.Release|x86.Build.0 = Release|Any CPU
		{4F8599BF-E39C-4EF9-9123-5EC6D59CDA0B}.Debug|Any CPU.ActiveCfg = Debug|Any CPU
		{4F8599BF-E39C-4EF9-9123-5EC6D59CDA0B}.Debug|Any CPU.Build.0 = Debug|Any CPU
		{4F8599BF-E39C-4EF9-9123-5EC6D59CDA0B}.Debug|x64.ActiveCfg = Debug|Any CPU
		{4F8599BF-E39C-4EF9-9123-5EC6D59CDA0B}.Debug|x64.Build.0 = Debug|Any CPU
		{4F8599BF-E39C-4EF9-9123-5EC6D59CDA0B}.Debug|x86.ActiveCfg = Debug|Any CPU
		{4F8599BF-E39C-4EF9-9123-5EC6D59CDA0B}.Debug|x86.Build.0 = Debug|Any CPU
		{4F8599BF-E39C-4EF9-9123-5EC6D59CDA0B}.Release|Any CPU.ActiveCfg = Release|Any CPU
		{4F8599BF-E39C-4EF9-9123-5EC6D59CDA0B}.Release|Any CPU.Build.0 = Release|Any CPU
		{4F8599BF-E39C-4EF9-9123-5EC6D59CDA0B}.Release|x64.ActiveCfg = Release|Any CPU
		{4F8599BF-E39C-4EF9-9123-5EC6D59CDA0B}.Release|x64.Build.0 = Release|Any CPU
		{4F8599BF-E39C-4EF9-9123-5EC6D59CDA0B}.Release|x86.ActiveCfg = Release|Any CPU
		{4F8599BF-E39C-4EF9-9123-5EC6D59CDA0B}.Release|x86.Build.0 = Release|Any CPU
		{1C44B79D-E4C7-48E7-A56C-BE3FD1BCE7D6}.Debug|Any CPU.ActiveCfg = Debug|Any CPU
		{1C44B79D-E4C7-48E7-A56C-BE3FD1BCE7D6}.Debug|Any CPU.Build.0 = Debug|Any CPU
		{1C44B79D-E4C7-48E7-A56C-BE3FD1BCE7D6}.Debug|x64.ActiveCfg = Debug|Any CPU
		{1C44B79D-E4C7-48E7-A56C-BE3FD1BCE7D6}.Debug|x64.Build.0 = Debug|Any CPU
		{1C44B79D-E4C7-48E7-A56C-BE3FD1BCE7D6}.Debug|x86.ActiveCfg = Debug|Any CPU
		{1C44B79D-E4C7-48E7-A56C-BE3FD1BCE7D6}.Debug|x86.Build.0 = Debug|Any CPU
		{1C44B79D-E4C7-48E7-A56C-BE3FD1BCE7D6}.Release|Any CPU.ActiveCfg = Release|Any CPU
		{1C44B79D-E4C7-48E7-A56C-BE3FD1BCE7D6}.Release|Any CPU.Build.0 = Release|Any CPU
		{1C44B79D-E4C7-48E7-A56C-BE3FD1BCE7D6}.Release|x64.ActiveCfg = Release|Any CPU
		{1C44B79D-E4C7-48E7-A56C-BE3FD1BCE7D6}.Release|x64.Build.0 = Release|Any CPU
		{1C44B79D-E4C7-48E7-A56C-BE3FD1BCE7D6}.Release|x86.ActiveCfg = Release|Any CPU
		{1C44B79D-E4C7-48E7-A56C-BE3FD1BCE7D6}.Release|x86.Build.0 = Release|Any CPU
		{18D01346-2C11-4C35-8DD7-01A4953A4EEA}.Debug|Any CPU.ActiveCfg = Debug|Any CPU
		{18D01346-2C11-4C35-8DD7-01A4953A4EEA}.Debug|Any CPU.Build.0 = Debug|Any CPU
		{18D01346-2C11-4C35-8DD7-01A4953A4EEA}.Debug|x64.ActiveCfg = Debug|Any CPU
		{18D01346-2C11-4C35-8DD7-01A4953A4EEA}.Debug|x64.Build.0 = Debug|Any CPU
		{18D01346-2C11-4C35-8DD7-01A4953A4EEA}.Debug|x86.ActiveCfg = Debug|Any CPU
		{18D01346-2C11-4C35-8DD7-01A4953A4EEA}.Debug|x86.Build.0 = Debug|Any CPU
		{18D01346-2C11-4C35-8DD7-01A4953A4EEA}.Release|Any CPU.ActiveCfg = Release|Any CPU
		{18D01346-2C11-4C35-8DD7-01A4953A4EEA}.Release|Any CPU.Build.0 = Release|Any CPU
		{18D01346-2C11-4C35-8DD7-01A4953A4EEA}.Release|x64.ActiveCfg = Release|Any CPU
		{18D01346-2C11-4C35-8DD7-01A4953A4EEA}.Release|x64.Build.0 = Release|Any CPU
		{18D01346-2C11-4C35-8DD7-01A4953A4EEA}.Release|x86.ActiveCfg = Release|Any CPU
		{18D01346-2C11-4C35-8DD7-01A4953A4EEA}.Release|x86.Build.0 = Release|Any CPU
	EndGlobalSection
	GlobalSection(SolutionProperties) = preSolution
		HideSolutionNode = FALSE
	EndGlobalSection
	GlobalSection(NestedProjects) = preSolution
		{3F70C892-96DF-436F-9954-FAA0FAF6AEE0} = {827E0CD3-B72D-47B6-A68D-7590B98EB39B}
		{E482FF92-E83C-4FC9-8FDA-7643AA5117F1} = {827E0CD3-B72D-47B6-A68D-7590B98EB39B}
		{7D383AE3-6E2E-4113-84DF-C04764A16BBB} = {827E0CD3-B72D-47B6-A68D-7590B98EB39B}
		{F242CE73-7BFE-4FA2-A2BD-857C84A18A4E} = {827E0CD3-B72D-47B6-A68D-7590B98EB39B}
		{9AE8FC2E-7C3B-4C95-923C-44A8C603CBC7} = {827E0CD3-B72D-47B6-A68D-7590B98EB39B}
		{7C46C75A-9D71-47BF-A5E8-611A5F6751FF} = {0AB3BF05-4346-4AA6-1389-037BE0695223}
		{4F8599BF-E39C-4EF9-9123-5EC6D59CDA0B} = {0AB3BF05-4346-4AA6-1389-037BE0695223}
		{1C44B79D-E4C7-48E7-A56C-BE3FD1BCE7D6} = {827E0CD3-B72D-47B6-A68D-7590B98EB39B}
		{18D01346-2C11-4C35-8DD7-01A4953A4EEA} = {0AB3BF05-4346-4AA6-1389-037BE0695223}
	EndGlobalSection
EndGlobal
